
Microsoft Visual Studio Solution File, Format Version 12.00
# Visual Studio 2012
Project("{FAE04EC0-301F-11D3-BF4B-00C04F79EFBC}") = "Orb Streamer", "OrbWP7\Orb Streamer.csproj", "{BA1D154A-40B1-4C26-B0E2-1C0715C20829}"
EndProject
Project("{FAE04EC0-301F-11D3-BF4B-00C04F79EFBC}") = "OrbAPI", "OrbAPI\OrbAPI.csproj", "{0987B087-1703-4209-9D29-0D4454342702}"
EndProject
Project("{FAE04EC0-301F-11D3-BF4B-00C04F79EFBC}") = "DavuxLibSL", "..\DavuxLibSL\DavuxLibSL\DavuxLibSL.csproj", "{5713CC41-61D7-4FAA-8D5B-B7F4ACBD8BC6}"
EndProject
Global
	GlobalSection(SolutionConfigurationPlatforms) = preSolution
		Debug|Any CPU = Debug|Any CPU
		Release|Any CPU = Release|Any CPU
	EndGlobalSection
	GlobalSection(ProjectConfigurationPlatforms) = postSolution
		{BA1D154A-40B1-4C26-B0E2-1C0715C20829}.Debug|Any CPU.ActiveCfg = Debug|Any CPU
		{BA1D154A-40B1-4C26-B0E2-1C0715C20829}.Debug|Any CPU.Build.0 = Debug|Any CPU
		{BA1D154A-40B1-4C26-B0E2-1C0715C20829}.Debug|Any CPU.Deploy.0 = Debug|Any CPU
		{BA1D154A-40B1-4C26-B0E2-1C0715C20829}.Release|Any CPU.ActiveCfg = Release|Any CPU
		{BA1D154A-40B1-4C26-B0E2-1C0715C20829}.Release|Any CPU.Build.0 = Release|Any CPU
		{BA1D154A-40B1-4C26-B0E2-1C0715C20829}.Release|Any CPU.Deploy.0 = Release|Any CPU
		{0987B087-1703-4209-9D29-0D4454342702}.Debug|Any CPU.ActiveCfg = Debug|Any CPU
		{0987B087-1703-4209-9D29-0D4454342702}.Debug|Any CPU.Build.0 = Debug|Any CPU
		{0987B087-1703-4209-9D29-0D4454342702}.Release|Any CPU.ActiveCfg = Release|Any CPU
		{0987B087-1703-4209-9D29-0D4454342702}.Release|Any CPU.Build.0 = Release|Any CPU
		{5713CC41-61D7-4FAA-8D5B-B7F4ACBD8BC6}.Debug|Any CPU.ActiveCfg = Debug|Any CPU
		{5713CC41-61D7-4FAA-8D5B-B7F4ACBD8BC6}.Debug|Any CPU.Build.0 = Debug|Any CPU
		{5713CC41-61D7-4FAA-8D5B-B7F4ACBD8BC6}.Release|Any CPU.ActiveCfg = Release|Any CPU
		{5713CC41-61D7-4FAA-8D5B-B7F4ACBD8BC6}.Release|Any CPU.Build.0 = Release|Any CPU
	EndGlobalSection
	GlobalSection(SolutionProperties) = preSolution
		HideSolutionNode = FALSE
	EndGlobalSection
EndGlobal
